// !$*UTF8*$!
{
	archiveVersion = 1;
	classes = {
	};
	objectVersion = 48;
	objects = {

/* Begin PBXBuildFile section */
		181CB54D1FFECEED006DF4DA /* Layout Task.txt in Resources */ = {isa = PBXBuildFile; fileRef = 181CB54C1FFECEED006DF4DA /* Layout Task.txt */; };
		185CE1EE2001441D008A6BDD /* CollectionCellLayout.swift in Sources */ = {isa = PBXBuildFile; fileRef = 185CE1ED2001441D008A6BDD /* CollectionCellLayout.swift */; };
		18D73DF41FFEC11F00C5BCF3 /* AppDelegate.swift in Sources */ = {isa = PBXBuildFile; fileRef = 18D73DF31FFEC11F00C5BCF3 /* AppDelegate.swift */; };
		18D73DF91FFEC11F00C5BCF3 /* Main.storyboard in Resources */ = {isa = PBXBuildFile; fileRef = 18D73DF71FFEC11F00C5BCF3 /* Main.storyboard */; };
		18D73DFB1FFEC11F00C5BCF3 /* Assets.xcassets in Resources */ = {isa = PBXBuildFile; fileRef = 18D73DFA1FFEC11F00C5BCF3 /* Assets.xcassets */; };
		18D73DFE1FFEC11F00C5BCF3 /* LaunchScreen.storyboard in Resources */ = {isa = PBXBuildFile; fileRef = 18D73DFC1FFEC11F00C5BCF3 /* LaunchScreen.storyboard */; };
		18D73E0A1FFEC3FD00C5BCF3 /* MainViewController.swift in Sources */ = {isa = PBXBuildFile; fileRef = 18D73E091FFEC3FD00C5BCF3 /* MainViewController.swift */; };
/* End PBXBuildFile section */

/* Begin PBXFileReference section */
		181CB54C1FFECEED006DF4DA /* Layout Task.txt */ = {isa = PBXFileReference; fileEncoding = 4; lastKnownFileType = text; path = "Layout Task.txt"; sourceTree = "<group>"; };
		185CE1ED2001441D008A6BDD /* CollectionCellLayout.swift */ = {isa = PBXFileReference; lastKnownFileType = sourcecode.swift; path = CollectionCellLayout.swift; sourceTree = "<group>"; };
		18D73DF01FFEC11F00C5BCF3 /* TactCollection.app */ = {isa = PBXFileReference; explicitFileType = wrapper.application; includeInIndex = 0; path = TactCollection.app; sourceTree = BUILT_PRODUCTS_DIR; };
		18D73DF31FFEC11F00C5BCF3 /* AppDelegate.swift */ = {isa = PBXFileReference; lastKnownFileType = sourcecode.swift; path = AppDelegate.swift; sourceTree = "<group>"; };
		18D73DF81FFEC11F00C5BCF3 /* Base */ = {isa = PBXFileReference; lastKnownFileType = file.storyboard; name = Base; path = Base.lproj/Main.storyboard; sourceTree = "<group>"; };
		18D73DFA1FFEC11F00C5BCF3 /* Assets.xcassets */ = {isa = PBXFileReference; lastKnownFileType = folder.assetcatalog; path = Assets.xcassets; sourceTree = "<group>"; };
		18D73DFD1FFEC11F00C5BCF3 /* Base */ = {isa = PBXFileReference; lastKnownFileType = file.storyboard; name = Base; path = Base.lproj/LaunchScreen.storyboard; sourceTree = "<group>"; };
		18D73DFF1FFEC11F00C5BCF3 /* Info.plist */ = {isa = PBXFileReference; lastKnownFileType = text.plist.xml; path = Info.plist; sourceTree = "<group>"; };
		18D73E091FFEC3FD00C5BCF3 /* MainViewController.swift */ = {isa = PBXFileReference; fileEncoding = 4; lastKnownFileType = sourcecode.swift; path = MainViewController.swift; sourceTree = "<group>"; };
/* End PBXFileReference section */

/* Begin PBXFrameworksBuildPhase section */
		18D73DED1FFEC11F00C5BCF3 /* Frameworks */ = {
			isa = PBXFrameworksBuildPhase;
			buildActionMask = 2147483647;
			files = (
			);
			runOnlyForDeploymentPostprocessing = 0;
		};
/* End PBXFrameworksBuildPhase section */

/* Begin PBXGroup section */
		18D73DE71FFEC11F00C5BCF3 = {
			isa = PBXGroup;
			children = (
				181CB54C1FFECEED006DF4DA /* Layout Task.txt */,
				18D73DF21FFEC11F00C5BCF3 /* TactCollection */,
				18D73DF11FFEC11F00C5BCF3 /* Products */,
			);
			sourceTree = "<group>";
		};
		18D73DF11FFEC11F00C5BCF3 /* Products */ = {
			isa = PBXGroup;
			children = (
				18D73DF01FFEC11F00C5BCF3 /* TactCollection.app */,
			);
			name = Products;
			sourceTree = "<group>";
		};
		18D73DF21FFEC11F00C5BCF3 /* TactCollection */ = {
			isa = PBXGroup;
			children = (
				18D73E091FFEC3FD00C5BCF3 /* MainViewController.swift */,
				18D73DF31FFEC11F00C5BCF3 /* AppDelegate.swift */,
				185CE1ED2001441D008A6BDD /* CollectionCellLayout.swift */,
				18D73DF71FFEC11F00C5BCF3 /* Main.storyboard */,
				18D73DFA1FFEC11F00C5BCF3 /* Assets.xcassets */,
				18D73DFC1FFEC11F00C5BCF3 /* LaunchScreen.storyboard */,
				18D73DFF1FFEC11F00C5BCF3 /* Info.plist */,
			);
			path = TactCollection;
			sourceTree = "<group>";
		};
/* End PBXGroup section */

/* Begin PBXNativeTarget section */
		18D73DEF1FFEC11F00C5BCF3 /* TactCollection */ = {
			isa = PBXNativeTarget;
			buildConfigurationList = 18D73E021FFEC11F00C5BCF3 /* Build configuration list for PBXNativeTarget "TactCollection" */;
			buildPhases = (
				18D73DEC1FFEC11F00C5BCF3 /* Sources */,
				18D73DED1FFEC11F00C5BCF3 /* Frameworks */,
				18D73DEE1FFEC11F00C5BCF3 /* Resources */,
			);
			buildRules = (
			);
			dependencies = (
			);
			name = TactCollection;
			productName = TactCollection;
			productReference = 18D73DF01FFEC11F00C5BCF3 /* TactCollection.app */;
			productType = "com.apple.product-type.application";
		};
/* End PBXNativeTarget section */

/* Begin PBXProject section */
		18D73DE81FFEC11F00C5BCF3 /* Project object */ = {
			isa = PBXProject;
			attributes = {
				LastSwiftUpdateCheck = 0920;
				LastUpgradeCheck = 0920;
				ORGANIZATIONNAME = "Amourine Technologies";
				TargetAttributes = {
					18D73DEF1FFEC11F00C5BCF3 = {
						CreatedOnToolsVersion = 9.2;
						ProvisioningStyle = Automatic;
					};
				};
			};
			buildConfigurationList = 18D73DEB1FFEC11F00C5BCF3 /* Build configuration list for PBXProject "TactCollection" */;
			compatibilityVersion = "Xcode 8.0";
			developmentRegion = en;
			hasScannedForEncodings = 0;
			knownRegions = (
				en,
				Base,
			);
			mainGroup = 18D73DE71FFEC11F00C5BCF3;
			productRefGroup = 18D73DF11FFEC11F00C5BCF3 /* Products */;
			projectDirPath = "";
			projectRoot = "";
			targets = (
				18D73DEF1FFEC11F00C5BCF3 /* TactCollection */,
			);
		};
/* End PBXProject section */

/* Begin PBXResourcesBuildPhase section */
		18D73DEE1FFEC11F00C5BCF3 /* Resources */ = {
			isa = PBXResourcesBuildPhase;
			buildActionMask = 2147483647;
			files = (
				181CB54D1FFECEED006DF4DA /* Layout Task.txt in Resources */,
				18D73DFE1FFEC11F00C5BCF3 /* LaunchScreen.storyboard in Resources */,
				18D73DFB1FFEC11F00C5BCF3 /* Assets.xcassets in Resources */,
				18D73DF91FFEC11F00C5BCF3 /* Main.storyboard in Resources */,
			);
			runOnlyForDeploymentPostprocessing = 0;
		};
/* End PBXResourcesBuildPhase section */

/* Begin PBXSourcesBuildPhase section */
		18D73DEC1FFEC11F00C5BCF3 /* Sources */ = {
			isa = PBXSourcesBuildPhase;
			buildActionMask = 2147483647;
			files = (
				185CE1EE2001441D008A6BDD /* CollectionCellLayout.swift in Sources */,
				18D73DF41FFEC11F00C5BCF3 /* AppDelegate.swift in Sources */,
				18D73E0A1FFEC3FD00C5BCF3 /* MainViewController.swift in Sources */,
			);
			runOnlyForDeploymentPostprocessing = 0;
		};
/* End PBXSourcesBuildPhase section */

/* Begin PBXVariantGroup section */
		18D73DF71FFEC11F00C5BCF3 /* Main.storyboard */ = {
			isa = PBXVariantGroup;
			children = (
				18D73DF81FFEC11F00C5BCF3 /* Base */,
			);
			name = Main.storyboard;
			sourceTree = "<group>";
		};
		18D73DFC1FFEC11F00C5BCF3 /* LaunchScreen.storyboard */ = {
			isa = PBXVariantGroup;
			children = (
				18D73DFD1FFEC11F00C5BCF3 /* Base */,
			);
			name = LaunchScreen.storyboard;
			sourceTree = "<group>";
		};
/* End PBXVariantGroup section */

/* Begin XCBuildConfiguration section */
		18D73E001FFEC11F00C5BCF3 /* Debug */ = {
			isa = XCBuildConfiguration;
			buildSettings = {
				ALWAYS_SEARCH_USER_PATHS = NO;
				CLANG_ANALYZER_NONNULL = YES;
				CLANG_ANALYZER_NUMBER_OBJECT_CONVERSION = YES_AGGRESSIVE;
				CLANG_CXX_LANGUAGE_STANDARD = "gnu++14";
				CLANG_CXX_LIBRARY = "libc++";
				CLANG_ENABLE_MODULES = YES;
				CLANG_ENABLE_OBJC_ARC = YES;
				CLANG_WARN_BLOCK_CAPTURE_AUTORELEASING = YES;
				CLANG_WARN_BOOL_CONVERSION = YES;
				CLANG_WARN_COMMA = YES;
				CLANG_WARN_CONSTANT_CONVERSION = YES;
				CLANG_WARN_DIRECT_OBJC_ISA_USAGE = YES_ERROR;
				CLANG_WARN_DOCUMENTATION_COMMENTS = YES;
				CLANG_WARN_EMPTY_BODY = YES;
				CLANG_WARN_ENUM_CONVERSION = YES;
				CLANG_WARN_INFINITE_RECURSION = YES;
				CLANG_WARN_INT_CONVERSION = YES;
				CLANG_WARN_NON_LITERAL_NULL_CONVERSION = YES;
				CLANG_WARN_OBJC_LITERAL_CONVERSION = YES;
				CLANG_WARN_OBJC_ROOT_CLASS = YES_ERROR;
				CLANG_WARN_RANGE_LOOP_ANALYSIS = YES;
				CLANG_WARN_STRICT_PROTOTYPES = YES;
				CLANG_WARN_SUSPICIOUS_MOVE = YES;
				CLANG_WARN_UNGUARDED_AVAILABILITY = YES_AGGRESSIVE;
				CLANG_WARN_UNREACHABLE_CODE = YES;
				CLANG_WARN__DUPLICATE_METHOD_MATCH = YES;
				CODE_SIGN_IDENTITY = "iPhone Developer";
				COPY_PHASE_STRIP = NO;
				DEBUG_INFORMATION_FORMAT = dwarf;
				ENABLE_STRICT_OBJC_MSGSEND = YES;
				ENABLE_TESTABILITY = YES;
				GCC_C_LANGUAGE_STANDARD = gnu11;
				GCC_DYNAMIC_NO_PIC = NO;
				GCC_NO_COMMON_BLOCKS = YES;
				GCC_OPTIMIZATION_LEVEL = 0;
				GCC_PREPROCESSOR_DEFINITIONS = (
					"DEBUG=1",
					"$(inherited)",
				);
				GCC_WARN_64_TO_32_BIT_CONVERSION = YES;
				GCC_WARN_ABOUT_RETURN_TYPE = YES_ERROR;
				GCC_WARN_UNDECLARED_SELECTOR = YES;
				GCC_WARN_UNINITIALIZED_AUTOS = YES_AGGRESSIVE;
				GCC_WARN_UNUSED_FUNCTION = YES;
				GCC_WARN_UNUSED_VARIABLE = YES;
				IPHONEOS_DEPLOYMENT_TARGET = 11.2;
				MTL_ENABLE_DEBUG_INFO = YES;
				ONLY_ACTIVE_ARCH = YES;
				SDKROOT = iphoneos;
				SWIFT_ACTIVE_COMPILATION_CONDITIONS = DEBUG;
				SWIFT_OPTIMIZATION_LEVEL = "-Onone";
			};
			name = Debug;
		};
		18D73E011FFEC11F00C5BCF3 /* Release */ = {
			isa = XCBuildConfiguration;
			buildSettings = {
				ALWAYS_SEARCH_USER_PATHS = NO;
				CLANG_ANALYZER_NONNULL = YES;
				CLANG_ANALYZER_NUMBER_OBJECT_CONVERSION = YES_AGGRESSIVE;
				CLANG_CXX_LANGUAGE_STANDARD = "gnu++14";
				CLANG_CXX_LIBRARY = "libc++";
				CLANG_ENABLE_MODULES = YES;
				CLANG_ENABLE_OBJC_ARC = YES;
				CLANG_WARN_BLOCK_CAPTURE_AUTORELEASING = YES;
				CLANG_WARN_BOOL_CONVERSION = YES;
				CLANG_WARN_COMMA = YES;
				CLANG_WARN_CONSTANT_CONVERSION = YES;
				CLANG_WARN_DIRECT_OBJC_ISA_USAGE = YES_ERROR;
				CLANG_WARN_DOCUMENTATION_COMMENTS = YES;
				CLANG_WARN_EMPTY_BODY = YES;
				CLANG_WARN_ENUM_CONVERSION = YES;
				CLANG_WARN_INFINITE_RECURSION = YES;
				CLANG_WARN_INT_CONVERSION = YES;
				CLANG_WARN_NON_LITERAL_NULL_CONVERSION = YES;
				CLANG_WARN_OBJC_LITERAL_CONVERSION = YES;
				CLANG_WARN_OBJC_ROOT_CLASS = YES_ERROR;
				CLANG_WARN_RANGE_LOOP_ANALYSIS = YES;
				CLANG_WARN_STRICT_PROTOTYPES = YES;
				CLANG_WARN_SUSPICIOUS_MOVE = YES;
				CLANG_WARN_UNGUARDED_AVAILABILITY = YES_AGGRESSIVE;
				CLANG_WARN_UNREACHABLE_CODE = YES;
				CLANG_WARN__DUPLICATE_METHOD_MATCH = YES;
				CODE_SIGN_IDENTITY = "iPhone Developer";
				COPY_PHASE_STRIP = NO;
				DEBUG_INFORMATION_FORMAT = "dwarf-with-dsym";
				ENABLE_NS_ASSERTIONS = NO;
				ENABLE_STRICT_OBJC_MSGSEND = YES;
				GCC_C_LANGUAGE_STANDARD = gnu11;
				GCC_NO_COMMON_BLOCKS = YES;
				GCC_WARN_64_TO_32_BIT_CONVERSION = YES;
				GCC_WARN_ABOUT_RETURN_TYPE = YES_ERROR;
				GCC_WARN_UNDECLARED_SELECTOR = YES;
				GCC_WARN_UNINITIALIZED_AUTOS = YES_AGGRESSIVE;
				GCC_WARN_UNUSED_FUNCTION = YES;
				GCC_WARN_UNUSED_VARIABLE = YES;
				IPHONEOS_DEPLOYMENT_TARGET = 11.2;
				MTL_ENABLE_DEBUG_INFO = NO;
				SDKROOT = iphoneos;
				SWIFT_OPTIMIZATION_LEVEL = "-Owholemodule";
				VALIDATE_PRODUCT = YES;
			};
			name = Release;
		};
		18D73E031FFEC11F00C5BCF3 /* Debug */ = {
			isa = XCBuildConfiguration;
			buildSettings = {
				ASSETCATALOG_COMPILER_APPICON_NAME = AppIcon;
				CODE_SIGN_STYLE = Automatic;
				DEVELOPMENT_TEAM = NFHP7Z5VAQ;
				INFOPLIST_FILE = TactCollection/Info.plist;
				LD_RUNPATH_SEARCH_PATHS = "$(inherited) @executable_path/Frameworks";
				PRODUCT_BUNDLE_IDENTIFIER = com.AmourineTech.TactCollection;
				PRODUCT_NAME = "$(TARGET_NAME)";
				SWIFT_VERSION = 4.0;
				TARGETED_DEVICE_FAMILY = "1,2";
			};
			name = Debug;
		};
		18D73E041FFEC11F00C5BCF3 /* Release */ = {
			isa = XCBuildConfiguration;
			buildSettings = {
				ASSETCATALOG_COMPILER_APPICON_NAME = AppIcon;
				CODE_SIGN_STYLE = Automatic;
				DEVELOPMENT_TEAM = NFHP7Z5VAQ;
				INFOPLIST_FILE = TactCollection/Info.plist;
				LD_RUNPATH_SEARCH_PATHS = "$(inherited) @executable_path/Frameworks";
				PRODUCT_BUNDLE_IDENTIFIER = com.AmourineTech.TactCollection;
				PRODUCT_NAME = "$(TARGET_NAME)";
				SWIFT_VERSION = 4.0;
				TARGETED_DEVICE_FAMILY = "1,2";
			};
			name = Release;
		};
/* End XCBuildConfiguration section */

/* Begin XCConfigurationList section */
		18D73DEB1FFEC11F00C5BCF3 /* Build configuration list for PBXProject "TactCollection" */ = {
			isa = XCConfigurationList;
			buildConfigurations = (
				18D73E001FFEC11F00C5BCF3 /* Debug */,
				18D73E011FFEC11F00C5BCF3 /* Release */,
			);
			defaultConfigurationIsVisible = 0;
			defaultConfigurationName = Release;
		};
		18D73E021FFEC11F00C5BCF3 /* Build configuration list for PBXNativeTarget "TactCollection" */ = {
			isa = XCConfigurationList;
			buildConfigurations = (
				18D73E031FFEC11F00C5BCF3 /* Debug */,
				18D73E041FFEC11F00C5BCF3 /* Release */,
			);
			defaultConfigurationIsVisible = 0;
			defaultConfigurationName = Release;
		};
/* End XCConfigurationList section */
	};
	rootObject = 18D73DE81FFEC11F00C5BCF3 /* Project object */;
}
